
Microsoft Visual Studio Solution File, Format Version 12.00
# Visual Studio Version 18
VisualStudioVersion = 18.3.11304.161 d18.3
MinimumVisualStudioVersion = 10.0.40219.1
Project("{FAE04EC0-301F-11D3-BF4B-00C04F79EFBC}") = "IPNoticeHub.Web", "IPNoticeHub.Web\IPNoticeHub.Web.csproj", "{CDCC8550-AACA-400B-82DE-14DD38A62D0D}"
EndProject
Project("{FAE04EC0-301F-11D3-BF4B-00C04F79EFBC}") = "IPNoticeHub.Tests", "IPNoticeHub.Tests\IPNoticeHub.Tests.csproj", "{65E47B5A-D513-45B6-B179-21FE5F2CC700}"
EndProject
Project("{FAE04EC0-301F-11D3-BF4B-00C04F79EFBC}") = "IPNoticeHub.Shared", "IPNoticeHub.Shared\IPNoticeHub.Shared.csproj", "{2685C3C0-5B11-4697-911E-7DCED6E4E0F6}"
EndProject
Project("{FAE04EC0-301F-11D3-BF4B-00C04F79EFBC}") = "IPNoticeHub.Application", "IPNoticeHub.Application\IPNoticeHub.Application.csproj", "{7C5D036F-0457-4E07-BEBA-FAA77E3BE9CD}"
EndProject
Project("{FAE04EC0-301F-11D3-BF4B-00C04F79EFBC}") = "IPNoticeHub.Infrastructure", "IPNoticeHub.Infrastructure\IPNoticeHub.Infrastructure.csproj", "{751ADF82-4347-4B27-A5D3-FCEE67D9A937}"
EndProject
Project("{FAE04EC0-301F-11D3-BF4B-00C04F79EFBC}") = "IPNoticeHub.Domain", "IPNoticeHub.Domain\IPNoticeHub.Domain.csproj", "{F702CCCF-8C81-4514-B1EC-3057946F9729}"
EndProject
Global
	GlobalSection(SolutionConfigurationPlatforms) = preSolution
		Debug|Any CPU = Debug|Any CPU
		Release|Any CPU = Release|Any CPU
	EndGlobalSection
	GlobalSection(ProjectConfigurationPlatforms) = postSolution
		{CDCC8550-AACA-400B-82DE-14DD38A62D0D}.Debug|Any CPU.ActiveCfg = Debug|Any CPU
		{CDCC8550-AACA-400B-82DE-14DD38A62D0D}.Debug|Any CPU.Build.0 = Debug|Any CPU
		{CDCC8550-AACA-400B-82DE-14DD38A62D0D}.Release|Any CPU.ActiveCfg = Release|Any CPU
		{CDCC8550-AACA-400B-82DE-14DD38A62D0D}.Release|Any CPU.Build.0 = Release|Any CPU
		{65E47B5A-D513-45B6-B179-21FE5F2CC700}.Debug|Any CPU.ActiveCfg = Debug|Any CPU
		{65E47B5A-D513-45B6-B179-21FE5F2CC700}.Debug|Any CPU.Build.0 = Debug|Any CPU
		{65E47B5A-D513-45B6-B179-21FE5F2CC700}.Release|Any CPU.ActiveCfg = Release|Any CPU
		{65E47B5A-D513-45B6-B179-21FE5F2CC700}.Release|Any CPU.Build.0 = Release|Any CPU
		{2685C3C0-5B11-4697-911E-7DCED6E4E0F6}.Debug|Any CPU.ActiveCfg = Debug|Any CPU
		{2685C3C0-5B11-4697-911E-7DCED6E4E0F6}.Debug|Any CPU.Build.0 = Debug|Any CPU
		{2685C3C0-5B11-4697-911E-7DCED6E4E0F6}.Release|Any CPU.ActiveCfg = Release|Any CPU
		{2685C3C0-5B11-4697-911E-7DCED6E4E0F6}.Release|Any CPU.Build.0 = Release|Any CPU
		{7C5D036F-0457-4E07-BEBA-FAA77E3BE9CD}.Debug|Any CPU.ActiveCfg = Debug|Any CPU
		{7C5D036F-0457-4E07-BEBA-FAA77E3BE9CD}.Debug|Any CPU.Build.0 = Debug|Any CPU
		{7C5D036F-0457-4E07-BEBA-FAA77E3BE9CD}.Release|Any CPU.ActiveCfg = Release|Any CPU
		{7C5D036F-0457-4E07-BEBA-FAA77E3BE9CD}.Release|Any CPU.Build.0 = Release|Any CPU
		{751ADF82-4347-4B27-A5D3-FCEE67D9A937}.Debug|Any CPU.ActiveCfg = Debug|Any CPU
		{751ADF82-4347-4B27-A5D3-FCEE67D9A937}.Debug|Any CPU.Build.0 = Debug|Any CPU
		{751ADF82-4347-4B27-A5D3-FCEE67D9A937}.Release|Any CPU.ActiveCfg = Release|Any CPU
		{751ADF82-4347-4B27-A5D3-FCEE67D9A937}.Release|Any CPU.Build.0 = Release|Any CPU
		{F702CCCF-8C81-4514-B1EC-3057946F9729}.Debug|Any CPU.ActiveCfg = Debug|Any CPU
		{F702CCCF-8C81-4514-B1EC-3057946F9729}.Debug|Any CPU.Build.0 = Debug|Any CPU
		{F702CCCF-8C81-4514-B1EC-3057946F9729}.Release|Any CPU.ActiveCfg = Release|Any CPU
		{F702CCCF-8C81-4514-B1EC-3057946F9729}.Release|Any CPU.Build.0 = Release|Any CPU
	EndGlobalSection
	GlobalSection(SolutionProperties) = preSolution
		HideSolutionNode = FALSE
	EndGlobalSection
	GlobalSection(ExtensibilityGlobals) = postSolution
		SolutionGuid = {2F7EEDCD-B3C4-4745-B505-299EAE8759D9}
	EndGlobalSection
EndGlobal
